
Microsoft Visual Studio Solution File, Format Version 12.00
# Visual Studio Version 17
VisualStudioVersion = 17.4.33122.133
MinimumVisualStudioVersion = 10.0.40219.1
Project("{FAE04EC0-301F-11D3-BF4B-00C04F79EFBC}") = "DnsClient", "DnsClient\DnsClient.csproj", "{B651FDF0-5E13-405D-9181-A15FFF1BA463}"
EndProject
Project("{FAE04EC0-301F-11D3-BF4B-00C04F79EFBC}") = "ExampleClient", "ExampleClient\ExampleClient.csproj", "{263BE69B-2154-4567-8C1B-62FA1C318D99}"
EndProject
Global
	GlobalSection(SolutionConfigurationPlatforms) = preSolution
		Debug|Any CPU = Debug|Any CPU
		Release|Any CPU = Release|Any CPU
	EndGlobalSection
	GlobalSection(ProjectConfigurationPlatforms) = postSolution
		{B651FDF0-5E13-405D-9181-A15FFF1BA463}.Debug|Any CPU.ActiveCfg = Debug|Any CPU
		{B651FDF0-5E13-405D-9181-A15FFF1BA463}.Debug|Any CPU.Build.0 = Debug|Any CPU
		{B651FDF0-5E13-405D-9181-A15FFF1BA463}.Release|Any CPU.ActiveCfg = Release|Any CPU
		{B651FDF0-5E13-405D-9181-A15FFF1BA463}.Release|Any CPU.Build.0 = Release|Any CPU
		{263BE69B-2154-4567-8C1B-62FA1C318D99}.Debug|Any CPU.ActiveCfg = Debug|Any CPU
		{263BE69B-2154-4567-8C1B-62FA1C318D99}.Debug|Any CPU.Build.0 = Debug|Any CPU
		{263BE69B-2154-4567-8C1B-62FA1C318D99}.Release|Any CPU.ActiveCfg = Release|Any CPU
		{263BE69B-2154-4567-8C1B-62FA1C318D99}.Release|Any CPU.Build.0 = Release|Any CPU
	EndGlobalSection
	GlobalSection(SolutionProperties) = preSolution
		HideSolutionNode = FALSE
	EndGlobalSection
	GlobalSection(ExtensibilityGlobals) = postSolution
		SolutionGuid = {E06100D4-716B-49F0-A44A-48F721F4C04D}
	EndGlobalSection
EndGlobal
